
Microsoft Visual Studio Solution File, Format Version 12.00
# Visual Studio Version 16
VisualStudioVersion = 16.0.31205.134
MinimumVisualStudioVersion = 10.0.40219.1
Project("{FAE04EC0-301F-11D3-BF4B-00C04F79EFBC}") = "DataStructuresAndDesignPatterns", "DatastructuresAndDesignPatterns\DataStructuresAndDesignPatterns.csproj", "{45E5CD71-FDF1-4761-98B4-95AF45128D81}"
EndProject
Global
	GlobalSection(SolutionConfigurationPlatforms) = preSolution
		Debug|Any CPU = Debug|Any CPU
		Release|Any CPU = Release|Any CPU
	EndGlobalSection
	GlobalSection(ProjectConfigurationPlatforms) = postSolution
		{45E5CD71-FDF1-4761-98B4-95AF45128D81}.Debug|Any CPU.ActiveCfg = Debug|Any CPU
		{45E5CD71-FDF1-4761-98B4-95AF45128D81}.Debug|Any CPU.Build.0 = Debug|Any CPU
		{45E5CD71-FDF1-4761-98B4-95AF45128D81}.Release|Any CPU.ActiveCfg = Release|Any CPU
		{45E5CD71-FDF1-4761-98B4-95AF45128D81}.Release|Any CPU.Build.0 = Release|Any CPU
	EndGlobalSection
	GlobalSection(SolutionProperties) = preSolution
		HideSolutionNode = FALSE
	EndGlobalSection
	GlobalSection(ExtensibilityGlobals) = postSolution
		SolutionGuid = {286C87DD-7DAA-4CE9-BAE6-D0253E16F206}
	EndGlobalSection
EndGlobal
